
Microsoft Visual Studio Solution File, Format Version 12.00
# Visual Studio Version 16
VisualStudioVersion = 16.0.32002.261
MinimumVisualStudioVersion = 10.0.40219.1
Project("{FAE04EC0-301F-11D3-BF4B-00C04F79EFBC}") = "EnnukhinPr17.Android", "EnnukhinPr17\EnnukhinPr17.Android\EnnukhinPr17.Android.csproj", "{8F236EE9-5777-496E-854E-BD359B276C5C}"
EndProject
Project("{FAE04EC0-301F-11D3-BF4B-00C04F79EFBC}") = "EnnukhinPr17.iOS", "EnnukhinPr17\EnnukhinPr17.iOS\EnnukhinPr17.iOS.csproj", "{A01C23B0-1515-451B-8080-C28AC89E9B0D}"
EndProject
Project("{FAE04EC0-301F-11D3-BF4B-00C04F79EFBC}") = "EnnukhinPr17", "EnnukhinPr17\EnnukhinPr17\EnnukhinPr17.csproj", "{DBACADD1-63C3-44B2-8AB8-5CB26B01A859}"
EndProject
Global
	GlobalSection(SolutionConfigurationPlatforms) = preSolution
		Debug|Any CPU = Debug|Any CPU
		Debug|iPhone = Debug|iPhone
		Debug|iPhoneSimulator = Debug|iPhoneSimulator
		Release|Any CPU = Release|Any CPU
		Release|iPhone = Release|iPhone
		Release|iPhoneSimulator = Release|iPhoneSimulator
	EndGlobalSection
	GlobalSection(ProjectConfigurationPlatforms) = postSolution
		{8F236EE9-5777-496E-854E-BD359B276C5C}.Debug|Any CPU.ActiveCfg = Debug|Any CPU
		{8F236EE9-5777-496E-854E-BD359B276C5C}.Debug|Any CPU.Build.0 = Debug|Any CPU
		{8F236EE9-5777-496E-854E-BD359B276C5C}.Debug|Any CPU.Deploy.0 = Debug|Any CPU
		{8F236EE9-5777-496E-854E-BD359B276C5C}.Debug|iPhone.ActiveCfg = Debug|Any CPU
		{8F236EE9-5777-496E-854E-BD359B276C5C}.Debug|iPhone.Build.0 = Debug|Any CPU
		{8F236EE9-5777-496E-854E-BD359B276C5C}.Debug|iPhone.Deploy.0 = Debug|Any CPU
		{8F236EE9-5777-496E-854E-BD359B276C5C}.Debug|iPhoneSimulator.ActiveCfg = Debug|Any CPU
		{8F236EE9-5777-496E-854E-BD359B276C5C}.Debug|iPhoneSimulator.Build.0 = Debug|Any CPU
		{8F236EE9-5777-496E-854E-BD359B276C5C}.Debug|iPhoneSimulator.Deploy.0 = Debug|Any CPU
		{8F236EE9-5777-496E-854E-BD359B276C5C}.Release|Any CPU.ActiveCfg = Release|Any CPU
		{8F236EE9-5777-496E-854E-BD359B276C5C}.Release|Any CPU.Build.0 = Release|Any CPU
		{8F236EE9-5777-496E-854E-BD359B276C5C}.Release|Any CPU.Deploy.0 = Release|Any CPU
		{8F236EE9-5777-496E-854E-BD359B276C5C}.Release|iPhone.ActiveCfg = Release|Any CPU
		{8F236EE9-5777-496E-854E-BD359B276C5C}.Release|iPhone.Build.0 = Release|Any CPU
		{8F236EE9-5777-496E-854E-BD359B276C5C}.Release|iPhone.Deploy.0 = Release|Any CPU
		{8F236EE9-5777-496E-854E-BD359B276C5C}.Release|iPhoneSimulator.ActiveCfg = Release|Any CPU
		{8F236EE9-5777-496E-854E-BD359B276C5C}.Release|iPhoneSimulator.Build.0 = Release|Any CPU
		{8F236EE9-5777-496E-854E-BD359B276C5C}.Release|iPhoneSimulator.Deploy.0 = Release|Any CPU
		{A01C23B0-1515-451B-8080-C28AC89E9B0D}.Debug|Any CPU.ActiveCfg = Debug|iPhone
		{A01C23B0-1515-451B-8080-C28AC89E9B0D}.Debug|Any CPU.Build.0 = Debug|iPhone
		{A01C23B0-1515-451B-8080-C28AC89E9B0D}.Debug|Any CPU.Deploy.0 = Debug|iPhone
		{A01C23B0-1515-451B-8080-C28AC89E9B0D}.Debug|iPhone.ActiveCfg = Debug|iPhone
		{A01C23B0-1515-451B-8080-C28AC89E9B0D}.Debug|iPhone.Build.0 = Debug|iPhone
		{A01C23B0-1515-451B-8080-C28AC89E9B0D}.Debug|iPhone.Deploy.0 = Debug|iPhone
		{A01C23B0-1515-451B-8080-C28AC89E9B0D}.Debug|iPhoneSimulator.ActiveCfg = Debug|iPhoneSimulator
		{A01C23B0-1515-451B-8080-C28AC89E9B0D}.Debug|iPhoneSimulator.Build.0 = Debug|iPhoneSimulator
		{A01C23B0-1515-451B-8080-C28AC89E9B0D}.Debug|iPhoneSimulator.Deploy.0 = Debug|iPhoneSimulator
		{A01C23B0-1515-451B-8080-C28AC89E9B0D}.Release|Any CPU.ActiveCfg = Release|iPhoneSimulator
		{A01C23B0-1515-451B-8080-C28AC89E9B0D}.Release|Any CPU.Build.0 = Release|iPhoneSimulator
		{A01C23B0-1515-451B-8080-C28AC89E9B0D}.Release|Any CPU.Deploy.0 = Release|iPhoneSimulator
		{A01C23B0-1515-451B-8080-C28AC89E9B0D}.Release|iPhone.ActiveCfg = Release|iPhone
		{A01C23B0-1515-451B-8080-C28AC89E9B0D}.Release|iPhone.Build.0 = Release|iPhone
		{A01C23B0-1515-451B-8080-C28AC89E9B0D}.Release|iPhone.Deploy.0 = Release|iPhone
		{A01C23B0-1515-451B-8080-C28AC89E9B0D}.Release|iPhoneSimulator.ActiveCfg = Release|iPhoneSimulator
		{A01C23B0-1515-451B-8080-C28AC89E9B0D}.Release|iPhoneSimulator.Build.0 = Release|iPhoneSimulator
		{A01C23B0-1515-451B-8080-C28AC89E9B0D}.Release|iPhoneSimulator.Deploy.0 = Release|iPhoneSimulator
		{DBACADD1-63C3-44B2-8AB8-5CB26B01A859}.Debug|Any CPU.ActiveCfg = Debug|Any CPU
		{DBACADD1-63C3-44B2-8AB8-5CB26B01A859}.Debug|Any CPU.Build.0 = Debug|Any CPU
		{DBACADD1-63C3-44B2-8AB8-5CB26B01A859}.Debug|Any CPU.Deploy.0 = Debug|Any CPU
		{DBACADD1-63C3-44B2-8AB8-5CB26B01A859}.Debug|iPhone.ActiveCfg = Debug|Any CPU
		{DBACADD1-63C3-44B2-8AB8-5CB26B01A859}.Debug|iPhone.Build.0 = Debug|Any CPU
		{DBACADD1-63C3-44B2-8AB8-5CB26B01A859}.Debug|iPhone.Deploy.0 = Debug|Any CPU
		{DBACADD1-63C3-44B2-8AB8-5CB26B01A859}.Debug|iPhoneSimulator.ActiveCfg = Debug|Any CPU
		{DBACADD1-63C3-44B2-8AB8-5CB26B01A859}.Debug|iPhoneSimulator.Build.0 = Debug|Any CPU
		{DBACADD1-63C3-44B2-8AB8-5CB26B01A859}.Debug|iPhoneSimulator.Deploy.0 = Debug|Any CPU
		{DBACADD1-63C3-44B2-8AB8-5CB26B01A859}.Release|Any CPU.ActiveCfg = Release|Any CPU
		{DBACADD1-63C3-44B2-8AB8-5CB26B01A859}.Release|Any CPU.Build.0 = Release|Any CPU
		{DBACADD1-63C3-44B2-8AB8-5CB26B01A859}.Release|Any CPU.Deploy.0 = Release|Any CPU
		{DBACADD1-63C3-44B2-8AB8-5CB26B01A859}.Release|iPhone.ActiveCfg = Release|Any CPU
		{DBACADD1-63C3-44B2-8AB8-5CB26B01A859}.Release|iPhone.Build.0 = Release|Any CPU
		{DBACADD1-63C3-44B2-8AB8-5CB26B01A859}.Release|iPhone.Deploy.0 = Release|Any CPU
		{DBACADD1-63C3-44B2-8AB8-5CB26B01A859}.Release|iPhoneSimulator.ActiveCfg = Release|Any CPU
		{DBACADD1-63C3-44B2-8AB8-5CB26B01A859}.Release|iPhoneSimulator.Build.0 = Release|Any CPU
		{DBACADD1-63C3-44B2-8AB8-5CB26B01A859}.Release|iPhoneSimulator.Deploy.0 = Release|Any CPU
	EndGlobalSection
	GlobalSection(SolutionProperties) = preSolution
		HideSolutionNode = FALSE
	EndGlobalSection
	GlobalSection(ExtensibilityGlobals) = postSolution
		SolutionGuid = {9D9BD851-7A17-4C17-84D3-079F913CE9EA}
	EndGlobalSection
EndGlobal
